// !$*UTF8*$!
{
	archiveVersion = 1;
	classes = {
	};
	objectVersion = 56;
	objects = {

/* Begin PBXBuildFile section */
		8BD3899029F4CA58003C8E2F /* chapter_21_ActorReentrancyApp.swift in Sources */ = {isa = PBXBuildFile; fileRef = 8BD3898F29F4CA58003C8E2F /* chapter_21_ActorReentrancyApp.swift */; };
		8BD3899229F4CA58003C8E2F /* ContentView.swift in Sources */ = {isa = PBXBuildFile; fileRef = 8BD3899129F4CA58003C8E2F /* ContentView.swift */; };
		8BD3899429F4CA59003C8E2F /* Assets.xcassets in Resources */ = {isa = PBXBuildFile; fileRef = 8BD3899329F4CA59003C8E2F /* Assets.xcassets */; };
		8BD3899729F4CA59003C8E2F /* Preview Assets.xcassets in Resources */ = {isa = PBXBuildFile; fileRef = 8BD3899629F4CA59003C8E2F /* Preview Assets.xcassets */; };
		8BD389A329F4CA77003C8E2F /* ActorCounter.swift in Sources */ = {isa = PBXBuildFile; fileRef = 8BD3899D29F4CA72003C8E2F /* ActorCounter.swift */; };
		8BD389A429F4CA77003C8E2F /* ActorCounter4.swift in Sources */ = {isa = PBXBuildFile; fileRef = 8BD3899E29F4CA73003C8E2F /* ActorCounter4.swift */; };
		8BD389A529F4CA77003C8E2F /* ImageDownloader.swift in Sources */ = {isa = PBXBuildFile; fileRef = 8BD3899F29F4CA74003C8E2F /* ImageDownloader.swift */; };
		8BD389A629F4CA77003C8E2F /* ActorCounter2.swift in Sources */ = {isa = PBXBuildFile; fileRef = 8BD389A029F4CA75003C8E2F /* ActorCounter2.swift */; };
		8BD389A729F4CA77003C8E2F /* ActorCounter3.swift in Sources */ = {isa = PBXBuildFile; fileRef = 8BD389A129F4CA76003C8E2F /* ActorCounter3.swift */; };
		8BD389A829F4CA77003C8E2F /* Nonisolated.swift in Sources */ = {isa = PBXBuildFile; fileRef = 8BD389A229F4CA77003C8E2F /* Nonisolated.swift */; };
/* End PBXBuildFile section */

/* Begin PBXFileReference section */
		8BD3898C29F4CA57003C8E2F /* chapter-21_ActorReentrancy.app */ = {isa = PBXFileReference; explicitFileType = wrapper.application; includeInIndex = 0; path = "chapter-21_ActorReentrancy.app"; sourceTree = BUILT_PRODUCTS_DIR; };
		8BD3898F29F4CA58003C8E2F /* chapter_21_ActorReentrancyApp.swift */ = {isa = PBXFileReference; lastKnownFileType = sourcecode.swift; path = chapter_21_ActorReentrancyApp.swift; sourceTree = "<group>"; };
		8BD3899129F4CA58003C8E2F /* ContentView.swift */ = {isa = PBXFileReference; lastKnownFileType = sourcecode.swift; path = ContentView.swift; sourceTree = "<group>"; };
		8BD3899329F4CA59003C8E2F /* Assets.xcassets */ = {isa = PBXFileReference; lastKnownFileType = folder.assetcatalog; path = Assets.xcassets; sourceTree = "<group>"; };
		8BD3899629F4CA59003C8E2F /* Preview Assets.xcassets */ = {isa = PBXFileReference; lastKnownFileType = folder.assetcatalog; path = "Preview Assets.xcassets"; sourceTree = "<group>"; };
		8BD3899D29F4CA72003C8E2F /* ActorCounter.swift */ = {isa = PBXFileReference; fileEncoding = 4; lastKnownFileType = sourcecode.swift; path = ActorCounter.swift; sourceTree = "<group>"; };
		8BD3899E29F4CA73003C8E2F /* ActorCounter4.swift */ = {isa = PBXFileReference; fileEncoding = 4; lastKnownFileType = sourcecode.swift; path = ActorCounter4.swift; sourceTree = "<group>"; };
		8BD3899F29F4CA74003C8E2F /* ImageDownloader.swift */ = {isa = PBXFileReference; fileEncoding = 4; lastKnownFileType = sourcecode.swift; path = ImageDownloader.swift; sourceTree = "<group>"; };
		8BD389A029F4CA75003C8E2F /* ActorCounter2.swift */ = {isa = PBXFileReference; fileEncoding = 4; lastKnownFileType = sourcecode.swift; path = ActorCounter2.swift; sourceTree = "<group>"; };
		8BD389A129F4CA76003C8E2F /* ActorCounter3.swift */ = {isa = PBXFileReference; fileEncoding = 4; lastKnownFileType = sourcecode.swift; path = ActorCounter3.swift; sourceTree = "<group>"; };
		8BD389A229F4CA77003C8E2F /* Nonisolated.swift */ = {isa = PBXFileReference; fileEncoding = 4; lastKnownFileType = sourcecode.swift; path = Nonisolated.swift; sourceTree = "<group>"; };
/* End PBXFileReference section */

/* Begin PBXFrameworksBuildPhase section */
		8BD3898929F4CA57003C8E2F /* Frameworks */ = {
			isa = PBXFrameworksBuildPhase;
			buildActionMask = 2147483647;
			files = (
			);
			runOnlyForDeploymentPostprocessing = 0;
		};
/* End PBXFrameworksBuildPhase section */

/* Begin PBXGroup section */
		8BD3898329F4CA57003C8E2F = {
			isa = PBXGroup;
			children = (
				8BD3898E29F4CA57003C8E2F /* chapter-21_ActorReentrancy */,
				8BD3898D29F4CA57003C8E2F /* Products */,
			);
			sourceTree = "<group>";
		};
		8BD3898D29F4CA57003C8E2F /* Products */ = {
			isa = PBXGroup;
			children = (
				8BD3898C29F4CA57003C8E2F /* chapter-21_ActorReentrancy.app */,
			);
			name = Products;
			sourceTree = "<group>";
		};
		8BD3898E29F4CA57003C8E2F /* chapter-21_ActorReentrancy */ = {
			isa = PBXGroup;
			children = (
				8BD3898F29F4CA58003C8E2F /* chapter_21_ActorReentrancyApp.swift */,
				8BD3899129F4CA58003C8E2F /* ContentView.swift */,
				8BD3899D29F4CA72003C8E2F /* ActorCounter.swift */,
				8BD389A029F4CA75003C8E2F /* ActorCounter2.swift */,
				8BD389A129F4CA76003C8E2F /* ActorCounter3.swift */,
				8BD3899E29F4CA73003C8E2F /* ActorCounter4.swift */,
				8BD3899F29F4CA74003C8E2F /* ImageDownloader.swift */,
				8BD389A229F4CA77003C8E2F /* Nonisolated.swift */,
				8BD3899329F4CA59003C8E2F /* Assets.xcassets */,
				8BD3899529F4CA59003C8E2F /* Preview Content */,
			);
			path = "chapter-21_ActorReentrancy";
			sourceTree = "<group>";
		};
		8BD3899529F4CA59003C8E2F /* Preview Content */ = {
			isa = PBXGroup;
			children = (
				8BD3899629F4CA59003C8E2F /* Preview Assets.xcassets */,
			);
			path = "Preview Content";
			sourceTree = "<group>";
		};
/* End PBXGroup section */

/* Begin PBXNativeTarget section */
		8BD3898B29F4CA57003C8E2F /* chapter-21_ActorReentrancy */ = {
			isa = PBXNativeTarget;
			buildConfigurationList = 8BD3899A29F4CA59003C8E2F /* Build configuration list for PBXNativeTarget "chapter-21_ActorReentrancy" */;
			buildPhases = (
				8BD3898829F4CA57003C8E2F /* Sources */,
				8BD3898929F4CA57003C8E2F /* Frameworks */,
				8BD3898A29F4CA57003C8E2F /* Resources */,
			);
			buildRules = (
			);
			dependencies = (
			);
			name = "chapter-21_ActorReentrancy";
			productName = "chapter-21_ActorReentrancy";
			productReference = 8BD3898C29F4CA57003C8E2F /* chapter-21_ActorReentrancy.app */;
			productType = "com.apple.product-type.application";
		};
/* End PBXNativeTarget section */

/* Begin PBXProject section */
		8BD3898429F4CA57003C8E2F /* Project object */ = {
			isa = PBXProject;
			attributes = {
				BuildIndependentTargetsInParallel = 1;
				LastSwiftUpdateCheck = 1430;
				LastUpgradeCheck = 1430;
				TargetAttributes = {
					8BD3898B29F4CA57003C8E2F = {
						CreatedOnToolsVersion = 14.3;
					};
				};
			};
			buildConfigurationList = 8BD3898729F4CA57003C8E2F /* Build configuration list for PBXProject "chapter-21_ActorReentrancy" */;
			compatibilityVersion = "Xcode 14.0";
			developmentRegion = en;
			hasScannedForEncodings = 0;
			knownRegions = (
				en,
				Base,
			);
			mainGroup = 8BD3898329F4CA57003C8E2F;
			productRefGroup = 8BD3898D29F4CA57003C8E2F /* Products */;
			projectDirPath = "";
			projectRoot = "";
			targets = (
				8BD3898B29F4CA57003C8E2F /* chapter-21_ActorReentrancy */,
			);
		};
/* End PBXProject section */

/* Begin PBXResourcesBuildPhase section */
		8BD3898A29F4CA57003C8E2F /* Resources */ = {
			isa = PBXResourcesBuildPhase;
			buildActionMask = 2147483647;
			files = (
				8BD3899729F4CA59003C8E2F /* Preview Assets.xcassets in Resources */,
				8BD3899429F4CA59003C8E2F /* Assets.xcassets in Resources */,
			);
			runOnlyForDeploymentPostprocessing = 0;
		};
/* End PBXResourcesBuildPhase section */

/* Begin PBXSourcesBuildPhase section */
		8BD3898829F4CA57003C8E2F /* Sources */ = {
			isa = PBXSourcesBuildPhase;
			buildActionMask = 2147483647;
			files = (
				8BD3899229F4CA58003C8E2F /* ContentView.swift in Sources */,
				8BD389A529F4CA77003C8E2F /* ImageDownloader.swift in Sources */,
				8BD389A729F4CA77003C8E2F /* ActorCounter3.swift in Sources */,
				8BD3899029F4CA58003C8E2F /* chapter_21_ActorReentrancyApp.swift in Sources */,
				8BD389A829F4CA77003C8E2F /* Nonisolated.swift in Sources */,
				8BD389A329F4CA77003C8E2F /* ActorCounter.swift in Sources */,
				8BD389A429F4CA77003C8E2F /* ActorCounter4.swift in Sources */,
				8BD389A629F4CA77003C8E2F /* ActorCounter2.swift in Sources */,
			);
			runOnlyForDeploymentPostprocessing = 0;
		};
/* End PBXSourcesBuildPhase section */

/* Begin XCBuildConfiguration section */
		8BD3899829F4CA59003C8E2F /* Debug */ = {
			isa = XCBuildConfiguration;
			buildSettings = {
				ALWAYS_SEARCH_USER_PATHS = NO;
				CLANG_ANALYZER_NONNULL = YES;
				CLANG_ANALYZER_NUMBER_OBJECT_CONVERSION = YES_AGGRESSIVE;
				CLANG_CXX_LANGUAGE_STANDARD = "gnu++20";
				CLANG_ENABLE_MODULES = YES;
				CLANG_ENABLE_OBJC_ARC = YES;
				CLANG_ENABLE_OBJC_WEAK = YES;
				CLANG_WARN_BLOCK_CAPTURE_AUTORELEASING = YES;
				CLANG_WARN_BOOL_CONVERSION = YES;
				CLANG_WARN_COMMA = YES;
				CLANG_WARN_CONSTANT_CONVERSION = YES;
				CLANG_WARN_DEPRECATED_OBJC_IMPLEMENTATIONS = YES;
				CLANG_WARN_DIRECT_OBJC_ISA_USAGE = YES_ERROR;
				CLANG_WARN_DOCUMENTATION_COMMENTS = YES;
				CLANG_WARN_EMPTY_BODY = YES;
				CLANG_WARN_ENUM_CONVERSION = YES;
				CLANG_WARN_INFINITE_RECURSION = YES;
				CLANG_WARN_INT_CONVERSION = YES;
				CLANG_WARN_NON_LITERAL_NULL_CONVERSION = YES;
				CLANG_WARN_OBJC_IMPLICIT_RETAIN_SELF = YES;
				CLANG_WARN_OBJC_LITERAL_CONVERSION = YES;
				CLANG_WARN_OBJC_ROOT_CLASS = YES_ERROR;
				CLANG_WARN_QUOTED_INCLUDE_IN_FRAMEWORK_HEADER = YES;
				CLANG_WARN_RANGE_LOOP_ANALYSIS = YES;
				CLANG_WARN_STRICT_PROTOTYPES = YES;
				CLANG_WARN_SUSPICIOUS_MOVE = YES;
				CLANG_WARN_UNGUARDED_AVAILABILITY = YES_AGGRESSIVE;
				CLANG_WARN_UNREACHABLE_CODE = YES;
				CLANG_WARN__DUPLICATE_METHOD_MATCH = YES;
				COPY_PHASE_STRIP = NO;
				DEBUG_INFORMATION_FORMAT = dwarf;
				ENABLE_STRICT_OBJC_MSGSEND = YES;
				ENABLE_TESTABILITY = YES;
				GCC_C_LANGUAGE_STANDARD = gnu11;
				GCC_DYNAMIC_NO_PIC = NO;
				GCC_NO_COMMON_BLOCKS = YES;
				GCC_OPTIMIZATION_LEVEL = 0;
				GCC_PREPROCESSOR_DEFINITIONS = (
					"DEBUG=1",
					"$(inherited)",
				);
				GCC_WARN_64_TO_32_BIT_CONVERSION = YES;
				GCC_WARN_ABOUT_RETURN_TYPE = YES_ERROR;
				GCC_WARN_UNDECLARED_SELECTOR = YES;
				GCC_WARN_UNINITIALIZED_AUTOS = YES_AGGRESSIVE;
				GCC_WARN_UNUSED_FUNCTION = YES;
				GCC_WARN_UNUSED_VARIABLE = YES;
				IPHONEOS_DEPLOYMENT_TARGET = 16.4;
				MTL_ENABLE_DEBUG_INFO = INCLUDE_SOURCE;
				MTL_FAST_MATH = YES;
				ONLY_ACTIVE_ARCH = YES;
				SDKROOT = iphoneos;
				SWIFT_ACTIVE_COMPILATION_CONDITIONS = DEBUG;
				SWIFT_OPTIMIZATION_LEVEL = "-Onone";
			};
			name = Debug;
		};
		8BD3899929F4CA59003C8E2F /* Release */ = {
			isa = XCBuildConfiguration;
			buildSettings = {
				ALWAYS_SEARCH_USER_PATHS = NO;
				CLANG_ANALYZER_NONNULL = YES;
				CLANG_ANALYZER_NUMBER_OBJECT_CONVERSION = YES_AGGRESSIVE;
				CLANG_CXX_LANGUAGE_STANDARD = "gnu++20";
				CLANG_ENABLE_MODULES = YES;
				CLANG_ENABLE_OBJC_ARC = YES;
				CLANG_ENABLE_OBJC_WEAK = YES;
				CLANG_WARN_BLOCK_CAPTURE_AUTORELEASING = YES;
				CLANG_WARN_BOOL_CONVERSION = YES;
				CLANG_WARN_COMMA = YES;
				CLANG_WARN_CONSTANT_CONVERSION = YES;
				CLANG_WARN_DEPRECATED_OBJC_IMPLEMENTATIONS = YES;
				CLANG_WARN_DIRECT_OBJC_ISA_USAGE = YES_ERROR;
				CLANG_WARN_DOCUMENTATION_COMMENTS = YES;
				CLANG_WARN_EMPTY_BODY = YES;
				CLANG_WARN_ENUM_CONVERSION = YES;
				CLANG_WARN_INFINITE_RECURSION = YES;
				CLANG_WARN_INT_CONVERSION = YES;
				CLANG_WARN_NON_LITERAL_NULL_CONVERSION = YES;
				CLANG_WARN_OBJC_IMPLICIT_RETAIN_SELF = YES;
				CLANG_WARN_OBJC_LITERAL_CONVERSION = YES;
				CLANG_WARN_OBJC_ROOT_CLASS = YES_ERROR;
				CLANG_WARN_QUOTED_INCLUDE_IN_FRAMEWORK_HEADER = YES;
				CLANG_WARN_RANGE_LOOP_ANALYSIS = YES;
				CLANG_WARN_STRICT_PROTOTYPES = YES;
				CLANG_WARN_SUSPICIOUS_MOVE = YES;
				CLANG_WARN_UNGUARDED_AVAILABILITY = YES_AGGRESSIVE;
				CLANG_WARN_UNREACHABLE_CODE = YES;
				CLANG_WARN__DUPLICATE_METHOD_MATCH = YES;
				COPY_PHASE_STRIP = NO;
				DEBUG_INFORMATION_FORMAT = "dwarf-with-dsym";
				ENABLE_NS_ASSERTIONS = NO;
				ENABLE_STRICT_OBJC_MSGSEND = YES;
				GCC_C_LANGUAGE_STANDARD = gnu11;
				GCC_NO_COMMON_BLOCKS = YES;
				GCC_WARN_64_TO_32_BIT_CONVERSION = YES;
				GCC_WARN_ABOUT_RETURN_TYPE = YES_ERROR;
				GCC_WARN_UNDECLARED_SELECTOR = YES;
				GCC_WARN_UNINITIALIZED_AUTOS = YES_AGGRESSIVE;
				GCC_WARN_UNUSED_FUNCTION = YES;
				GCC_WARN_UNUSED_VARIABLE = YES;
				IPHONEOS_DEPLOYMENT_TARGET = 16.4;
				MTL_ENABLE_DEBUG_INFO = NO;
				MTL_FAST_MATH = YES;
				SDKROOT = iphoneos;
				SWIFT_COMPILATION_MODE = wholemodule;
				SWIFT_OPTIMIZATION_LEVEL = "-O";
				VALIDATE_PRODUCT = YES;
			};
			name = Release;
		};
		8BD3899B29F4CA59003C8E2F /* Debug */ = {
			isa = XCBuildConfiguration;
			buildSettings = {
				ASSETCATALOG_COMPILER_APPICON_NAME = AppIcon;
				ASSETCATALOG_COMPILER_GLOBAL_ACCENT_COLOR_NAME = AccentColor;
				CODE_SIGN_STYLE = Automatic;
				CURRENT_PROJECT_VERSION = 1;
				DEVELOPMENT_ASSET_PATHS = "\"chapter-21_ActorReentrancy/Preview Content\"";
				ENABLE_PREVIEWS = YES;
				GENERATE_INFOPLIST_FILE = YES;
				INFOPLIST_KEY_UIApplicationSceneManifest_Generation = YES;
				INFOPLIST_KEY_UIApplicationSupportsIndirectInputEvents = YES;
				INFOPLIST_KEY_UILaunchScreen_Generation = YES;
				INFOPLIST_KEY_UISupportedInterfaceOrientations_iPad = "UIInterfaceOrientationPortrait UIInterfaceOrientationPortraitUpsideDown UIInterfaceOrientationLandscapeLeft UIInterfaceOrientationLandscapeRight";
				INFOPLIST_KEY_UISupportedInterfaceOrientations_iPhone = "UIInterfaceOrientationPortrait UIInterfaceOrientationLandscapeLeft UIInterfaceOrientationLandscapeRight";
				LD_RUNPATH_SEARCH_PATHS = (
					"$(inherited)",
					"@executable_path/Frameworks",
				);
				MARKETING_VERSION = 1.0;
				PRODUCT_BUNDLE_IDENTIFIER = "swift.fytx.com.chapter-21-ActorReentrancy";
				PRODUCT_NAME = "$(TARGET_NAME)";
				SWIFT_EMIT_LOC_STRINGS = YES;
				SWIFT_VERSION = 5.0;
				TARGETED_DEVICE_FAMILY = "1,2";
			};
			name = Debug;
		};
		8BD3899C29F4CA59003C8E2F /* Release */ = {
			isa = XCBuildConfiguration;
			buildSettings = {
				ASSETCATALOG_COMPILER_APPICON_NAME = AppIcon;
				ASSETCATALOG_COMPILER_GLOBAL_ACCENT_COLOR_NAME = AccentColor;
				CODE_SIGN_STYLE = Automatic;
				CURRENT_PROJECT_VERSION = 1;
				DEVELOPMENT_ASSET_PATHS = "\"chapter-21_ActorReentrancy/Preview Content\"";
				ENABLE_PREVIEWS = YES;
				GENERATE_INFOPLIST_FILE = YES;
				INFOPLIST_KEY_UIApplicationSceneManifest_Generation = YES;
				INFOPLIST_KEY_UIApplicationSupportsIndirectInputEvents = YES;
				INFOPLIST_KEY_UILaunchScreen_Generation = YES;
				INFOPLIST_KEY_UISupportedInterfaceOrientations_iPad = "UIInterfaceOrientationPortrait UIInterfaceOrientationPortraitUpsideDown UIInterfaceOrientationLandscapeLeft UIInterfaceOrientationLandscapeRight";
				INFOPLIST_KEY_UISupportedInterfaceOrientations_iPhone = "UIInterfaceOrientationPortrait UIInterfaceOrientationLandscapeLeft UIInterfaceOrientationLandscapeRight";
				LD_RUNPATH_SEARCH_PATHS = (
					"$(inherited)",
					"@executable_path/Frameworks",
				);
				MARKETING_VERSION = 1.0;
				PRODUCT_BUNDLE_IDENTIFIER = "swift.fytx.com.chapter-21-ActorReentrancy";
				PRODUCT_NAME = "$(TARGET_NAME)";
				SWIFT_EMIT_LOC_STRINGS = YES;
				SWIFT_VERSION = 5.0;
				TARGETED_DEVICE_FAMILY = "1,2";
			};
			name = Release;
		};
/* End XCBuildConfiguration section */

/* Begin XCConfigurationList section */
		8BD3898729F4CA57003C8E2F /* Build configuration list for PBXProject "chapter-21_ActorReentrancy" */ = {
			isa = XCConfigurationList;
			buildConfigurations = (
				8BD3899829F4CA59003C8E2F /* Debug */,
				8BD3899929F4CA59003C8E2F /* Release */,
			);
			defaultConfigurationIsVisible = 0;
			defaultConfigurationName = Release;
		};
		8BD3899A29F4CA59003C8E2F /* Build configuration list for PBXNativeTarget "chapter-21_ActorReentrancy" */ = {
			isa = XCConfigurationList;
			buildConfigurations = (
				8BD3899B29F4CA59003C8E2F /* Debug */,
				8BD3899C29F4CA59003C8E2F /* Release */,
			);
			defaultConfigurationIsVisible = 0;
			defaultConfigurationName = Release;
		};
/* End XCConfigurationList section */
	};
	rootObject = 8BD3898429F4CA57003C8E2F /* Project object */;
}
