// !$*UTF8*$!
{
	archiveVersion = 1;
	classes = {
	};
	objectVersion = 56;
	objects = {

/* Begin PBXBuildFile section */
		8B79B09429BD6A640007B6C4 /* main.swift in Sources */ = {isa = PBXBuildFile; fileRef = 8B79B09329BD6A640007B6C4 /* main.swift */; };
		8B79B09B29BD70E60007B6C4 /* test02_AsyncStream.swift in Sources */ = {isa = PBXBuildFile; fileRef = 8B79B09A29BD70E60007B6C4 /* test02_AsyncStream.swift */; };
		8B79B09D29BD73560007B6C4 /* test03_SearchFunction.swift in Sources */ = {isa = PBXBuildFile; fileRef = 8B79B09C29BD73560007B6C4 /* test03_SearchFunction.swift */; };
		8B79B09F29BDE73B0007B6C4 /* test04_AsyncStream.swift in Sources */ = {isa = PBXBuildFile; fileRef = 8B79B09E29BDE73B0007B6C4 /* test04_AsyncStream.swift */; };
		8B79B0A329BDF2F30007B6C4 /* test01_AsyncStream.swift in Sources */ = {isa = PBXBuildFile; fileRef = 8B79B0A229BDF2F30007B6C4 /* test01_AsyncStream.swift */; };
/* End PBXBuildFile section */

/* Begin PBXCopyFilesBuildPhase section */
		8B79B08E29BD6A640007B6C4 /* CopyFiles */ = {
			isa = PBXCopyFilesBuildPhase;
			buildActionMask = 2147483647;
			dstPath = /usr/share/man/man1/;
			dstSubfolderSpec = 0;
			files = (
			);
			runOnlyForDeploymentPostprocessing = 1;
		};
/* End PBXCopyFilesBuildPhase section */

/* Begin PBXFileReference section */
		8B79B09029BD6A640007B6C4 /* chapter-11_AsyncStream */ = {isa = PBXFileReference; explicitFileType = "compiled.mach-o.executable"; includeInIndex = 0; path = "chapter-11_AsyncStream"; sourceTree = BUILT_PRODUCTS_DIR; };
		8B79B09329BD6A640007B6C4 /* main.swift */ = {isa = PBXFileReference; lastKnownFileType = sourcecode.swift; path = main.swift; sourceTree = "<group>"; };
		8B79B09A29BD70E60007B6C4 /* test02_AsyncStream.swift */ = {isa = PBXFileReference; lastKnownFileType = sourcecode.swift; path = test02_AsyncStream.swift; sourceTree = "<group>"; };
		8B79B09C29BD73560007B6C4 /* test03_SearchFunction.swift */ = {isa = PBXFileReference; lastKnownFileType = sourcecode.swift; path = test03_SearchFunction.swift; sourceTree = "<group>"; };
		8B79B09E29BDE73B0007B6C4 /* test04_AsyncStream.swift */ = {isa = PBXFileReference; lastKnownFileType = sourcecode.swift; path = test04_AsyncStream.swift; sourceTree = "<group>"; };
		8B79B0A229BDF2F30007B6C4 /* test01_AsyncStream.swift */ = {isa = PBXFileReference; lastKnownFileType = sourcecode.swift; path = test01_AsyncStream.swift; sourceTree = "<group>"; };
/* End PBXFileReference section */

/* Begin PBXFrameworksBuildPhase section */
		8B79B08D29BD6A640007B6C4 /* Frameworks */ = {
			isa = PBXFrameworksBuildPhase;
			buildActionMask = 2147483647;
			files = (
			);
			runOnlyForDeploymentPostprocessing = 0;
		};
/* End PBXFrameworksBuildPhase section */

/* Begin PBXGroup section */
		8B79B08729BD6A640007B6C4 = {
			isa = PBXGroup;
			children = (
				8B79B09229BD6A640007B6C4 /* chapter-11_AsyncStream */,
				8B79B09129BD6A640007B6C4 /* Products */,
			);
			sourceTree = "<group>";
		};
		8B79B09129BD6A640007B6C4 /* Products */ = {
			isa = PBXGroup;
			children = (
				8B79B09029BD6A640007B6C4 /* chapter-11_AsyncStream */,
			);
			name = Products;
			sourceTree = "<group>";
		};
		8B79B09229BD6A640007B6C4 /* chapter-11_AsyncStream */ = {
			isa = PBXGroup;
			children = (
				8B79B09329BD6A640007B6C4 /* main.swift */,
				8B79B0A229BDF2F30007B6C4 /* test01_AsyncStream.swift */,
				8B79B09A29BD70E60007B6C4 /* test02_AsyncStream.swift */,
				8B79B09C29BD73560007B6C4 /* test03_SearchFunction.swift */,
				8B79B09E29BDE73B0007B6C4 /* test04_AsyncStream.swift */,
			);
			path = "chapter-11_AsyncStream";
			sourceTree = "<group>";
		};
/* End PBXGroup section */

/* Begin PBXNativeTarget section */
		8B79B08F29BD6A640007B6C4 /* chapter-11_AsyncStream */ = {
			isa = PBXNativeTarget;
			buildConfigurationList = 8B79B09729BD6A640007B6C4 /* Build configuration list for PBXNativeTarget "chapter-11_AsyncStream" */;
			buildPhases = (
				8B79B08C29BD6A640007B6C4 /* Sources */,
				8B79B08D29BD6A640007B6C4 /* Frameworks */,
				8B79B08E29BD6A640007B6C4 /* CopyFiles */,
			);
			buildRules = (
			);
			dependencies = (
			);
			name = "chapter-11_AsyncStream";
			productName = "chapter-11_AsyncStream";
			productReference = 8B79B09029BD6A640007B6C4 /* chapter-11_AsyncStream */;
			productType = "com.apple.product-type.tool";
		};
/* End PBXNativeTarget section */

/* Begin PBXProject section */
		8B79B08829BD6A640007B6C4 /* Project object */ = {
			isa = PBXProject;
			attributes = {
				BuildIndependentTargetsInParallel = 1;
				LastSwiftUpdateCheck = 1420;
				LastUpgradeCheck = 1420;
				TargetAttributes = {
					8B79B08F29BD6A640007B6C4 = {
						CreatedOnToolsVersion = 14.2;
					};
				};
			};
			buildConfigurationList = 8B79B08B29BD6A640007B6C4 /* Build configuration list for PBXProject "chapter-11_AsyncStream" */;
			compatibilityVersion = "Xcode 14.0";
			developmentRegion = en;
			hasScannedForEncodings = 0;
			knownRegions = (
				en,
				Base,
			);
			mainGroup = 8B79B08729BD6A640007B6C4;
			productRefGroup = 8B79B09129BD6A640007B6C4 /* Products */;
			projectDirPath = "";
			projectRoot = "";
			targets = (
				8B79B08F29BD6A640007B6C4 /* chapter-11_AsyncStream */,
			);
		};
/* End PBXProject section */

/* Begin PBXSourcesBuildPhase section */
		8B79B08C29BD6A640007B6C4 /* Sources */ = {
			isa = PBXSourcesBuildPhase;
			buildActionMask = 2147483647;
			files = (
				8B79B0A329BDF2F30007B6C4 /* test01_AsyncStream.swift in Sources */,
				8B79B09D29BD73560007B6C4 /* test03_SearchFunction.swift in Sources */,
				8B79B09429BD6A640007B6C4 /* main.swift in Sources */,
				8B79B09B29BD70E60007B6C4 /* test02_AsyncStream.swift in Sources */,
				8B79B09F29BDE73B0007B6C4 /* test04_AsyncStream.swift in Sources */,
			);
			runOnlyForDeploymentPostprocessing = 0;
		};
/* End PBXSourcesBuildPhase section */

/* Begin XCBuildConfiguration section */
		8B79B09529BD6A640007B6C4 /* Debug */ = {
			isa = XCBuildConfiguration;
			buildSettings = {
				ALWAYS_SEARCH_USER_PATHS = NO;
				CLANG_ANALYZER_NONNULL = YES;
				CLANG_ANALYZER_NUMBER_OBJECT_CONVERSION = YES_AGGRESSIVE;
				CLANG_CXX_LANGUAGE_STANDARD = "gnu++20";
				CLANG_ENABLE_MODULES = YES;
				CLANG_ENABLE_OBJC_ARC = YES;
				CLANG_ENABLE_OBJC_WEAK = YES;
				CLANG_WARN_BLOCK_CAPTURE_AUTORELEASING = YES;
				CLANG_WARN_BOOL_CONVERSION = YES;
				CLANG_WARN_COMMA = YES;
				CLANG_WARN_CONSTANT_CONVERSION = YES;
				CLANG_WARN_DEPRECATED_OBJC_IMPLEMENTATIONS = YES;
				CLANG_WARN_DIRECT_OBJC_ISA_USAGE = YES_ERROR;
				CLANG_WARN_DOCUMENTATION_COMMENTS = YES;
				CLANG_WARN_EMPTY_BODY = YES;
				CLANG_WARN_ENUM_CONVERSION = YES;
				CLANG_WARN_INFINITE_RECURSION = YES;
				CLANG_WARN_INT_CONVERSION = YES;
				CLANG_WARN_NON_LITERAL_NULL_CONVERSION = YES;
				CLANG_WARN_OBJC_IMPLICIT_RETAIN_SELF = YES;
				CLANG_WARN_OBJC_LITERAL_CONVERSION = YES;
				CLANG_WARN_OBJC_ROOT_CLASS = YES_ERROR;
				CLANG_WARN_QUOTED_INCLUDE_IN_FRAMEWORK_HEADER = YES;
				CLANG_WARN_RANGE_LOOP_ANALYSIS = YES;
				CLANG_WARN_STRICT_PROTOTYPES = YES;
				CLANG_WARN_SUSPICIOUS_MOVE = YES;
				CLANG_WARN_UNGUARDED_AVAILABILITY = YES_AGGRESSIVE;
				CLANG_WARN_UNREACHABLE_CODE = YES;
				CLANG_WARN__DUPLICATE_METHOD_MATCH = YES;
				COPY_PHASE_STRIP = NO;
				DEBUG_INFORMATION_FORMAT = dwarf;
				ENABLE_STRICT_OBJC_MSGSEND = YES;
				ENABLE_TESTABILITY = YES;
				GCC_C_LANGUAGE_STANDARD = gnu11;
				GCC_DYNAMIC_NO_PIC = NO;
				GCC_NO_COMMON_BLOCKS = YES;
				GCC_OPTIMIZATION_LEVEL = 0;
				GCC_PREPROCESSOR_DEFINITIONS = (
					"DEBUG=1",
					"$(inherited)",
				);
				GCC_WARN_64_TO_32_BIT_CONVERSION = YES;
				GCC_WARN_ABOUT_RETURN_TYPE = YES_ERROR;
				GCC_WARN_UNDECLARED_SELECTOR = YES;
				GCC_WARN_UNINITIALIZED_AUTOS = YES_AGGRESSIVE;
				GCC_WARN_UNUSED_FUNCTION = YES;
				GCC_WARN_UNUSED_VARIABLE = YES;
				MACOSX_DEPLOYMENT_TARGET = 13.0;
				MTL_ENABLE_DEBUG_INFO = INCLUDE_SOURCE;
				MTL_FAST_MATH = YES;
				ONLY_ACTIVE_ARCH = YES;
				SDKROOT = macosx;
				SWIFT_ACTIVE_COMPILATION_CONDITIONS = DEBUG;
				SWIFT_OPTIMIZATION_LEVEL = "-Onone";
			};
			name = Debug;
		};
		8B79B09629BD6A640007B6C4 /* Release */ = {
			isa = XCBuildConfiguration;
			buildSettings = {
				ALWAYS_SEARCH_USER_PATHS = NO;
				CLANG_ANALYZER_NONNULL = YES;
				CLANG_ANALYZER_NUMBER_OBJECT_CONVERSION = YES_AGGRESSIVE;
				CLANG_CXX_LANGUAGE_STANDARD = "gnu++20";
				CLANG_ENABLE_MODULES = YES;
				CLANG_ENABLE_OBJC_ARC = YES;
				CLANG_ENABLE_OBJC_WEAK = YES;
				CLANG_WARN_BLOCK_CAPTURE_AUTORELEASING = YES;
				CLANG_WARN_BOOL_CONVERSION = YES;
				CLANG_WARN_COMMA = YES;
				CLANG_WARN_CONSTANT_CONVERSION = YES;
				CLANG_WARN_DEPRECATED_OBJC_IMPLEMENTATIONS = YES;
				CLANG_WARN_DIRECT_OBJC_ISA_USAGE = YES_ERROR;
				CLANG_WARN_DOCUMENTATION_COMMENTS = YES;
				CLANG_WARN_EMPTY_BODY = YES;
				CLANG_WARN_ENUM_CONVERSION = YES;
				CLANG_WARN_INFINITE_RECURSION = YES;
				CLANG_WARN_INT_CONVERSION = YES;
				CLANG_WARN_NON_LITERAL_NULL_CONVERSION = YES;
				CLANG_WARN_OBJC_IMPLICIT_RETAIN_SELF = YES;
				CLANG_WARN_OBJC_LITERAL_CONVERSION = YES;
				CLANG_WARN_OBJC_ROOT_CLASS = YES_ERROR;
				CLANG_WARN_QUOTED_INCLUDE_IN_FRAMEWORK_HEADER = YES;
				CLANG_WARN_RANGE_LOOP_ANALYSIS = YES;
				CLANG_WARN_STRICT_PROTOTYPES = YES;
				CLANG_WARN_SUSPICIOUS_MOVE = YES;
				CLANG_WARN_UNGUARDED_AVAILABILITY = YES_AGGRESSIVE;
				CLANG_WARN_UNREACHABLE_CODE = YES;
				CLANG_WARN__DUPLICATE_METHOD_MATCH = YES;
				COPY_PHASE_STRIP = NO;
				DEBUG_INFORMATION_FORMAT = "dwarf-with-dsym";
				ENABLE_NS_ASSERTIONS = NO;
				ENABLE_STRICT_OBJC_MSGSEND = YES;
				GCC_C_LANGUAGE_STANDARD = gnu11;
				GCC_NO_COMMON_BLOCKS = YES;
				GCC_WARN_64_TO_32_BIT_CONVERSION = YES;
				GCC_WARN_ABOUT_RETURN_TYPE = YES_ERROR;
				GCC_WARN_UNDECLARED_SELECTOR = YES;
				GCC_WARN_UNINITIALIZED_AUTOS = YES_AGGRESSIVE;
				GCC_WARN_UNUSED_FUNCTION = YES;
				GCC_WARN_UNUSED_VARIABLE = YES;
				MACOSX_DEPLOYMENT_TARGET = 13.0;
				MTL_ENABLE_DEBUG_INFO = NO;
				MTL_FAST_MATH = YES;
				SDKROOT = macosx;
				SWIFT_COMPILATION_MODE = wholemodule;
				SWIFT_OPTIMIZATION_LEVEL = "-O";
			};
			name = Release;
		};
		8B79B09829BD6A640007B6C4 /* Debug */ = {
			isa = XCBuildConfiguration;
			buildSettings = {
				CODE_SIGN_STYLE = Automatic;
				PRODUCT_NAME = "$(TARGET_NAME)";
				SWIFT_VERSION = 5.0;
			};
			name = Debug;
		};
		8B79B09929BD6A640007B6C4 /* Release */ = {
			isa = XCBuildConfiguration;
			buildSettings = {
				CODE_SIGN_STYLE = Automatic;
				PRODUCT_NAME = "$(TARGET_NAME)";
				SWIFT_VERSION = 5.0;
			};
			name = Release;
		};
/* End XCBuildConfiguration section */

/* Begin XCConfigurationList section */
		8B79B08B29BD6A640007B6C4 /* Build configuration list for PBXProject "chapter-11_AsyncStream" */ = {
			isa = XCConfigurationList;
			buildConfigurations = (
				8B79B09529BD6A640007B6C4 /* Debug */,
				8B79B09629BD6A640007B6C4 /* Release */,
			);
			defaultConfigurationIsVisible = 0;
			defaultConfigurationName = Release;
		};
		8B79B09729BD6A640007B6C4 /* Build configuration list for PBXNativeTarget "chapter-11_AsyncStream" */ = {
			isa = XCConfigurationList;
			buildConfigurations = (
				8B79B09829BD6A640007B6C4 /* Debug */,
				8B79B09929BD6A640007B6C4 /* Release */,
			);
			defaultConfigurationIsVisible = 0;
			defaultConfigurationName = Release;
		};
/* End XCConfigurationList section */
	};
	rootObject = 8B79B08829BD6A640007B6C4 /* Project object */;
}
