// !$*UTF8*$!
{
	archiveVersion = 1;
	classes = {
	};
	objectVersion = 56;
	objects = {

/* Begin PBXBuildFile section */
		8BDB094A29B343EC00F9CE6E /* main.swift in Sources */ = {isa = PBXBuildFile; fileRef = 8BDB094929B343EC00F9CE6E /* main.swift */; };
		8BDB095129B344AF00F9CE6E /* 01_Sequence.swift in Sources */ = {isa = PBXBuildFile; fileRef = 8BDB095029B344AF00F9CE6E /* 01_Sequence.swift */; };
		8BDB095329B3459300F9CE6E /* 02_AsyncSequence.swift in Sources */ = {isa = PBXBuildFile; fileRef = 8BDB095229B3459300F9CE6E /* 02_AsyncSequence.swift */; };
		8BDB095529B34E6600F9CE6E /* 03_AsyncLineSequence.swift in Sources */ = {isa = PBXBuildFile; fileRef = 8BDB095429B34E6500F9CE6E /* 03_AsyncLineSequence.swift */; };
/* End PBXBuildFile section */

/* Begin PBXCopyFilesBuildPhase section */
		8BDB094429B343EC00F9CE6E /* CopyFiles */ = {
			isa = PBXCopyFilesBuildPhase;
			buildActionMask = 2147483647;
			dstPath = /usr/share/man/man1/;
			dstSubfolderSpec = 0;
			files = (
			);
			runOnlyForDeploymentPostprocessing = 1;
		};
/* End PBXCopyFilesBuildPhase section */

/* Begin PBXFileReference section */
		8BDB094629B343EC00F9CE6E /* chapter-08_AsyncSequence */ = {isa = PBXFileReference; explicitFileType = "compiled.mach-o.executable"; includeInIndex = 0; path = "chapter-08_AsyncSequence"; sourceTree = BUILT_PRODUCTS_DIR; };
		8BDB094929B343EC00F9CE6E /* main.swift */ = {isa = PBXFileReference; lastKnownFileType = sourcecode.swift; path = main.swift; sourceTree = "<group>"; };
		8BDB095029B344AF00F9CE6E /* 01_Sequence.swift */ = {isa = PBXFileReference; lastKnownFileType = sourcecode.swift; path = 01_Sequence.swift; sourceTree = "<group>"; };
		8BDB095229B3459300F9CE6E /* 02_AsyncSequence.swift */ = {isa = PBXFileReference; lastKnownFileType = sourcecode.swift; path = 02_AsyncSequence.swift; sourceTree = "<group>"; };
		8BDB095429B34E6500F9CE6E /* 03_AsyncLineSequence.swift */ = {isa = PBXFileReference; lastKnownFileType = sourcecode.swift; path = 03_AsyncLineSequence.swift; sourceTree = "<group>"; };
/* End PBXFileReference section */

/* Begin PBXFrameworksBuildPhase section */
		8BDB094329B343EC00F9CE6E /* Frameworks */ = {
			isa = PBXFrameworksBuildPhase;
			buildActionMask = 2147483647;
			files = (
			);
			runOnlyForDeploymentPostprocessing = 0;
		};
/* End PBXFrameworksBuildPhase section */

/* Begin PBXGroup section */
		8BDB093D29B343EC00F9CE6E = {
			isa = PBXGroup;
			children = (
				8BDB094829B343EC00F9CE6E /* chapter-08_AsyncSequence */,
				8BDB094729B343EC00F9CE6E /* Products */,
			);
			sourceTree = "<group>";
		};
		8BDB094729B343EC00F9CE6E /* Products */ = {
			isa = PBXGroup;
			children = (
				8BDB094629B343EC00F9CE6E /* chapter-08_AsyncSequence */,
			);
			name = Products;
			sourceTree = "<group>";
		};
		8BDB094829B343EC00F9CE6E /* chapter-08_AsyncSequence */ = {
			isa = PBXGroup;
			children = (
				8BDB094929B343EC00F9CE6E /* main.swift */,
				8BDB095029B344AF00F9CE6E /* 01_Sequence.swift */,
				8BDB095229B3459300F9CE6E /* 02_AsyncSequence.swift */,
				8BDB095429B34E6500F9CE6E /* 03_AsyncLineSequence.swift */,
			);
			path = "chapter-08_AsyncSequence";
			sourceTree = "<group>";
		};
/* End PBXGroup section */

/* Begin PBXNativeTarget section */
		8BDB094529B343EC00F9CE6E /* chapter-08_AsyncSequence */ = {
			isa = PBXNativeTarget;
			buildConfigurationList = 8BDB094D29B343EC00F9CE6E /* Build configuration list for PBXNativeTarget "chapter-08_AsyncSequence" */;
			buildPhases = (
				8BDB094229B343EC00F9CE6E /* Sources */,
				8BDB094329B343EC00F9CE6E /* Frameworks */,
				8BDB094429B343EC00F9CE6E /* CopyFiles */,
			);
			buildRules = (
			);
			dependencies = (
			);
			name = "chapter-08_AsyncSequence";
			productName = "chapter-08_AsyncSequence";
			productReference = 8BDB094629B343EC00F9CE6E /* chapter-08_AsyncSequence */;
			productType = "com.apple.product-type.tool";
		};
/* End PBXNativeTarget section */

/* Begin PBXProject section */
		8BDB093E29B343EC00F9CE6E /* Project object */ = {
			isa = PBXProject;
			attributes = {
				BuildIndependentTargetsInParallel = 1;
				LastSwiftUpdateCheck = 1420;
				LastUpgradeCheck = 1420;
				TargetAttributes = {
					8BDB094529B343EC00F9CE6E = {
						CreatedOnToolsVersion = 14.2;
					};
				};
			};
			buildConfigurationList = 8BDB094129B343EC00F9CE6E /* Build configuration list for PBXProject "chapter-08_AsyncSequence" */;
			compatibilityVersion = "Xcode 14.0";
			developmentRegion = en;
			hasScannedForEncodings = 0;
			knownRegions = (
				en,
				Base,
			);
			mainGroup = 8BDB093D29B343EC00F9CE6E;
			productRefGroup = 8BDB094729B343EC00F9CE6E /* Products */;
			projectDirPath = "";
			projectRoot = "";
			targets = (
				8BDB094529B343EC00F9CE6E /* chapter-08_AsyncSequence */,
			);
		};
/* End PBXProject section */

/* Begin PBXSourcesBuildPhase section */
		8BDB094229B343EC00F9CE6E /* Sources */ = {
			isa = PBXSourcesBuildPhase;
			buildActionMask = 2147483647;
			files = (
				8BDB094A29B343EC00F9CE6E /* main.swift in Sources */,
				8BDB095329B3459300F9CE6E /* 02_AsyncSequence.swift in Sources */,
				8BDB095529B34E6600F9CE6E /* 03_AsyncLineSequence.swift in Sources */,
				8BDB095129B344AF00F9CE6E /* 01_Sequence.swift in Sources */,
			);
			runOnlyForDeploymentPostprocessing = 0;
		};
/* End PBXSourcesBuildPhase section */

/* Begin XCBuildConfiguration section */
		8BDB094B29B343EC00F9CE6E /* Debug */ = {
			isa = XCBuildConfiguration;
			buildSettings = {
				ALWAYS_SEARCH_USER_PATHS = NO;
				CLANG_ANALYZER_NONNULL = YES;
				CLANG_ANALYZER_NUMBER_OBJECT_CONVERSION = YES_AGGRESSIVE;
				CLANG_CXX_LANGUAGE_STANDARD = "gnu++20";
				CLANG_ENABLE_MODULES = YES;
				CLANG_ENABLE_OBJC_ARC = YES;
				CLANG_ENABLE_OBJC_WEAK = YES;
				CLANG_WARN_BLOCK_CAPTURE_AUTORELEASING = YES;
				CLANG_WARN_BOOL_CONVERSION = YES;
				CLANG_WARN_COMMA = YES;
				CLANG_WARN_CONSTANT_CONVERSION = YES;
				CLANG_WARN_DEPRECATED_OBJC_IMPLEMENTATIONS = YES;
				CLANG_WARN_DIRECT_OBJC_ISA_USAGE = YES_ERROR;
				CLANG_WARN_DOCUMENTATION_COMMENTS = YES;
				CLANG_WARN_EMPTY_BODY = YES;
				CLANG_WARN_ENUM_CONVERSION = YES;
				CLANG_WARN_INFINITE_RECURSION = YES;
				CLANG_WARN_INT_CONVERSION = YES;
				CLANG_WARN_NON_LITERAL_NULL_CONVERSION = YES;
				CLANG_WARN_OBJC_IMPLICIT_RETAIN_SELF = YES;
				CLANG_WARN_OBJC_LITERAL_CONVERSION = YES;
				CLANG_WARN_OBJC_ROOT_CLASS = YES_ERROR;
				CLANG_WARN_QUOTED_INCLUDE_IN_FRAMEWORK_HEADER = YES;
				CLANG_WARN_RANGE_LOOP_ANALYSIS = YES;
				CLANG_WARN_STRICT_PROTOTYPES = YES;
				CLANG_WARN_SUSPICIOUS_MOVE = YES;
				CLANG_WARN_UNGUARDED_AVAILABILITY = YES_AGGRESSIVE;
				CLANG_WARN_UNREACHABLE_CODE = YES;
				CLANG_WARN__DUPLICATE_METHOD_MATCH = YES;
				COPY_PHASE_STRIP = NO;
				DEBUG_INFORMATION_FORMAT = dwarf;
				ENABLE_STRICT_OBJC_MSGSEND = YES;
				ENABLE_TESTABILITY = YES;
				GCC_C_LANGUAGE_STANDARD = gnu11;
				GCC_DYNAMIC_NO_PIC = NO;
				GCC_NO_COMMON_BLOCKS = YES;
				GCC_OPTIMIZATION_LEVEL = 0;
				GCC_PREPROCESSOR_DEFINITIONS = (
					"DEBUG=1",
					"$(inherited)",
				);
				GCC_WARN_64_TO_32_BIT_CONVERSION = YES;
				GCC_WARN_ABOUT_RETURN_TYPE = YES_ERROR;
				GCC_WARN_UNDECLARED_SELECTOR = YES;
				GCC_WARN_UNINITIALIZED_AUTOS = YES_AGGRESSIVE;
				GCC_WARN_UNUSED_FUNCTION = YES;
				GCC_WARN_UNUSED_VARIABLE = YES;
				MACOSX_DEPLOYMENT_TARGET = 13.0;
				MTL_ENABLE_DEBUG_INFO = INCLUDE_SOURCE;
				MTL_FAST_MATH = YES;
				ONLY_ACTIVE_ARCH = YES;
				SDKROOT = macosx;
				SWIFT_ACTIVE_COMPILATION_CONDITIONS = DEBUG;
				SWIFT_OPTIMIZATION_LEVEL = "-Onone";
			};
			name = Debug;
		};
		8BDB094C29B343EC00F9CE6E /* Release */ = {
			isa = XCBuildConfiguration;
			buildSettings = {
				ALWAYS_SEARCH_USER_PATHS = NO;
				CLANG_ANALYZER_NONNULL = YES;
				CLANG_ANALYZER_NUMBER_OBJECT_CONVERSION = YES_AGGRESSIVE;
				CLANG_CXX_LANGUAGE_STANDARD = "gnu++20";
				CLANG_ENABLE_MODULES = YES;
				CLANG_ENABLE_OBJC_ARC = YES;
				CLANG_ENABLE_OBJC_WEAK = YES;
				CLANG_WARN_BLOCK_CAPTURE_AUTORELEASING = YES;
				CLANG_WARN_BOOL_CONVERSION = YES;
				CLANG_WARN_COMMA = YES;
				CLANG_WARN_CONSTANT_CONVERSION = YES;
				CLANG_WARN_DEPRECATED_OBJC_IMPLEMENTATIONS = YES;
				CLANG_WARN_DIRECT_OBJC_ISA_USAGE = YES_ERROR;
				CLANG_WARN_DOCUMENTATION_COMMENTS = YES;
				CLANG_WARN_EMPTY_BODY = YES;
				CLANG_WARN_ENUM_CONVERSION = YES;
				CLANG_WARN_INFINITE_RECURSION = YES;
				CLANG_WARN_INT_CONVERSION = YES;
				CLANG_WARN_NON_LITERAL_NULL_CONVERSION = YES;
				CLANG_WARN_OBJC_IMPLICIT_RETAIN_SELF = YES;
				CLANG_WARN_OBJC_LITERAL_CONVERSION = YES;
				CLANG_WARN_OBJC_ROOT_CLASS = YES_ERROR;
				CLANG_WARN_QUOTED_INCLUDE_IN_FRAMEWORK_HEADER = YES;
				CLANG_WARN_RANGE_LOOP_ANALYSIS = YES;
				CLANG_WARN_STRICT_PROTOTYPES = YES;
				CLANG_WARN_SUSPICIOUS_MOVE = YES;
				CLANG_WARN_UNGUARDED_AVAILABILITY = YES_AGGRESSIVE;
				CLANG_WARN_UNREACHABLE_CODE = YES;
				CLANG_WARN__DUPLICATE_METHOD_MATCH = YES;
				COPY_PHASE_STRIP = NO;
				DEBUG_INFORMATION_FORMAT = "dwarf-with-dsym";
				ENABLE_NS_ASSERTIONS = NO;
				ENABLE_STRICT_OBJC_MSGSEND = YES;
				GCC_C_LANGUAGE_STANDARD = gnu11;
				GCC_NO_COMMON_BLOCKS = YES;
				GCC_WARN_64_TO_32_BIT_CONVERSION = YES;
				GCC_WARN_ABOUT_RETURN_TYPE = YES_ERROR;
				GCC_WARN_UNDECLARED_SELECTOR = YES;
				GCC_WARN_UNINITIALIZED_AUTOS = YES_AGGRESSIVE;
				GCC_WARN_UNUSED_FUNCTION = YES;
				GCC_WARN_UNUSED_VARIABLE = YES;
				MACOSX_DEPLOYMENT_TARGET = 13.0;
				MTL_ENABLE_DEBUG_INFO = NO;
				MTL_FAST_MATH = YES;
				SDKROOT = macosx;
				SWIFT_COMPILATION_MODE = wholemodule;
				SWIFT_OPTIMIZATION_LEVEL = "-O";
			};
			name = Release;
		};
		8BDB094E29B343EC00F9CE6E /* Debug */ = {
			isa = XCBuildConfiguration;
			buildSettings = {
				CODE_SIGN_STYLE = Automatic;
				PRODUCT_NAME = "$(TARGET_NAME)";
				SWIFT_VERSION = 5.0;
			};
			name = Debug;
		};
		8BDB094F29B343EC00F9CE6E /* Release */ = {
			isa = XCBuildConfiguration;
			buildSettings = {
				CODE_SIGN_STYLE = Automatic;
				PRODUCT_NAME = "$(TARGET_NAME)";
				SWIFT_VERSION = 5.0;
			};
			name = Release;
		};
/* End XCBuildConfiguration section */

/* Begin XCConfigurationList section */
		8BDB094129B343EC00F9CE6E /* Build configuration list for PBXProject "chapter-08_AsyncSequence" */ = {
			isa = XCConfigurationList;
			buildConfigurations = (
				8BDB094B29B343EC00F9CE6E /* Debug */,
				8BDB094C29B343EC00F9CE6E /* Release */,
			);
			defaultConfigurationIsVisible = 0;
			defaultConfigurationName = Release;
		};
		8BDB094D29B343EC00F9CE6E /* Build configuration list for PBXNativeTarget "chapter-08_AsyncSequence" */ = {
			isa = XCConfigurationList;
			buildConfigurations = (
				8BDB094E29B343EC00F9CE6E /* Debug */,
				8BDB094F29B343EC00F9CE6E /* Release */,
			);
			defaultConfigurationIsVisible = 0;
			defaultConfigurationName = Release;
		};
/* End XCConfigurationList section */
	};
	rootObject = 8BDB093E29B343EC00F9CE6E /* Project object */;
}
