// !$*UTF8*$!
{
	archiveVersion = 1;
	classes = {
	};
	objectVersion = 56;
	objects = {

/* Begin PBXBuildFile section */
		8B4E06E129BAC5DB00AA487B /* WolfMenView.swift in Sources */ = {isa = PBXBuildFile; fileRef = 8B4E06E029BAC5DB00AA487B /* WolfMenView.swift */; };
		8B4E06E329BAC5FF00AA487B /* WolfMenImagesModel.swift in Sources */ = {isa = PBXBuildFile; fileRef = 8B4E06E229BAC5FF00AA487B /* WolfMenImagesModel.swift */; };
		8B4E06E529BAC64E00AA487B /* LoadAccumulator.swift in Sources */ = {isa = PBXBuildFile; fileRef = 8B4E06E429BAC64E00AA487B /* LoadAccumulator.swift */; };
		8B4E06E729BAC68000AA487B /* Utility+extension.swift in Sources */ = {isa = PBXBuildFile; fileRef = 8B4E06E629BAC68000AA487B /* Utility+extension.swift */; };
		8B4E06EA29BAC6C600AA487B /* FileListItem.swift in Sources */ = {isa = PBXBuildFile; fileRef = 8B4E06E929BAC6C600AA487B /* FileListItem.swift */; };
		8B4E06EC29BAC6E400AA487B /* Downloads.swift in Sources */ = {isa = PBXBuildFile; fileRef = 8B4E06EB29BAC6E400AA487B /* Downloads.swift */; };
		8B4E06EE29BAC6FB00AA487B /* FilePreview.swift in Sources */ = {isa = PBXBuildFile; fileRef = 8B4E06ED29BAC6FB00AA487B /* FilePreview.swift */; };
		8B4E06F029BAC71600AA487B /* FileDetails.swift in Sources */ = {isa = PBXBuildFile; fileRef = 8B4E06EF29BAC71600AA487B /* FileDetails.swift */; };
		8B4E06F229BAC74B00AA487B /* DownloadView.swift in Sources */ = {isa = PBXBuildFile; fileRef = 8B4E06F129BAC74B00AA487B /* DownloadView.swift */; };
		8B55EC3229B6F84400CA355F /* chapter-10_imageloadingApp.swift in Sources */ = {isa = PBXBuildFile; fileRef = 8B55EC3129B6F84400CA355F /* chapter-10_imageloadingApp.swift */; };
		8B55EC3629B6F84600CA355F /* Assets.xcassets in Resources */ = {isa = PBXBuildFile; fileRef = 8B55EC3529B6F84600CA355F /* Assets.xcassets */; };
		8B55EC3929B6F84600CA355F /* Preview Assets.xcassets in Resources */ = {isa = PBXBuildFile; fileRef = 8B55EC3829B6F84600CA355F /* Preview Assets.xcassets */; };
/* End PBXBuildFile section */

/* Begin PBXFileReference section */
		8B4E06E029BAC5DB00AA487B /* WolfMenView.swift */ = {isa = PBXFileReference; lastKnownFileType = sourcecode.swift; path = WolfMenView.swift; sourceTree = "<group>"; };
		8B4E06E229BAC5FF00AA487B /* WolfMenImagesModel.swift */ = {isa = PBXFileReference; lastKnownFileType = sourcecode.swift; path = WolfMenImagesModel.swift; sourceTree = "<group>"; };
		8B4E06E429BAC64E00AA487B /* LoadAccumulator.swift */ = {isa = PBXFileReference; lastKnownFileType = sourcecode.swift; path = LoadAccumulator.swift; sourceTree = "<group>"; };
		8B4E06E629BAC68000AA487B /* Utility+extension.swift */ = {isa = PBXFileReference; lastKnownFileType = sourcecode.swift; path = "Utility+extension.swift"; sourceTree = "<group>"; };
		8B4E06E929BAC6C600AA487B /* FileListItem.swift */ = {isa = PBXFileReference; lastKnownFileType = sourcecode.swift; path = FileListItem.swift; sourceTree = "<group>"; };
		8B4E06EB29BAC6E400AA487B /* Downloads.swift */ = {isa = PBXFileReference; lastKnownFileType = sourcecode.swift; path = Downloads.swift; sourceTree = "<group>"; };
		8B4E06ED29BAC6FB00AA487B /* FilePreview.swift */ = {isa = PBXFileReference; lastKnownFileType = sourcecode.swift; path = FilePreview.swift; sourceTree = "<group>"; };
		8B4E06EF29BAC71600AA487B /* FileDetails.swift */ = {isa = PBXFileReference; lastKnownFileType = sourcecode.swift; path = FileDetails.swift; sourceTree = "<group>"; };
		8B4E06F129BAC74B00AA487B /* DownloadView.swift */ = {isa = PBXFileReference; lastKnownFileType = sourcecode.swift; path = DownloadView.swift; sourceTree = "<group>"; };
		8B55EC2E29B6F84400CA355F /* chapter-10_imageloading.app */ = {isa = PBXFileReference; explicitFileType = wrapper.application; includeInIndex = 0; path = "chapter-10_imageloading.app"; sourceTree = BUILT_PRODUCTS_DIR; };
		8B55EC3129B6F84400CA355F /* chapter-10_imageloadingApp.swift */ = {isa = PBXFileReference; lastKnownFileType = sourcecode.swift; path = "chapter-10_imageloadingApp.swift"; sourceTree = "<group>"; };
		8B55EC3529B6F84600CA355F /* Assets.xcassets */ = {isa = PBXFileReference; lastKnownFileType = folder.assetcatalog; path = Assets.xcassets; sourceTree = "<group>"; };
		8B55EC3829B6F84600CA355F /* Preview Assets.xcassets */ = {isa = PBXFileReference; lastKnownFileType = folder.assetcatalog; path = "Preview Assets.xcassets"; sourceTree = "<group>"; };
/* End PBXFileReference section */

/* Begin PBXFrameworksBuildPhase section */
		8B55EC2B29B6F84400CA355F /* Frameworks */ = {
			isa = PBXFrameworksBuildPhase;
			buildActionMask = 2147483647;
			files = (
			);
			runOnlyForDeploymentPostprocessing = 0;
		};
/* End PBXFrameworksBuildPhase section */

/* Begin PBXGroup section */
		8B4E06E829BAC6B700AA487B /* SubView */ = {
			isa = PBXGroup;
			children = (
				8B4E06E929BAC6C600AA487B /* FileListItem.swift */,
				8B4E06EB29BAC6E400AA487B /* Downloads.swift */,
				8B4E06ED29BAC6FB00AA487B /* FilePreview.swift */,
				8B4E06EF29BAC71600AA487B /* FileDetails.swift */,
			);
			path = SubView;
			sourceTree = "<group>";
		};
		8B55EC2529B6F84400CA355F = {
			isa = PBXGroup;
			children = (
				8B55EC3029B6F84400CA355F /* chapter-10_imageloading */,
				8B55EC2F29B6F84400CA355F /* Products */,
			);
			sourceTree = "<group>";
		};
		8B55EC2F29B6F84400CA355F /* Products */ = {
			isa = PBXGroup;
			children = (
				8B55EC2E29B6F84400CA355F /* chapter-10_imageloading.app */,
			);
			name = Products;
			sourceTree = "<group>";
		};
		8B55EC3029B6F84400CA355F /* chapter-10_imageloading */ = {
			isa = PBXGroup;
			children = (
				8B4E06E829BAC6B700AA487B /* SubView */,
				8B55EC3129B6F84400CA355F /* chapter-10_imageloadingApp.swift */,
				8B55EC3529B6F84600CA355F /* Assets.xcassets */,
				8B55EC3729B6F84600CA355F /* Preview Content */,
				8B4E06E029BAC5DB00AA487B /* WolfMenView.swift */,
				8B4E06E229BAC5FF00AA487B /* WolfMenImagesModel.swift */,
				8B4E06E429BAC64E00AA487B /* LoadAccumulator.swift */,
				8B4E06E629BAC68000AA487B /* Utility+extension.swift */,
				8B4E06F129BAC74B00AA487B /* DownloadView.swift */,
			);
			path = "chapter-10_imageloading";
			sourceTree = "<group>";
		};
		8B55EC3729B6F84600CA355F /* Preview Content */ = {
			isa = PBXGroup;
			children = (
				8B55EC3829B6F84600CA355F /* Preview Assets.xcassets */,
			);
			path = "Preview Content";
			sourceTree = "<group>";
		};
/* End PBXGroup section */

/* Begin PBXNativeTarget section */
		8B55EC2D29B6F84400CA355F /* chapter-10_imageloading */ = {
			isa = PBXNativeTarget;
			buildConfigurationList = 8B55EC3C29B6F84600CA355F /* Build configuration list for PBXNativeTarget "chapter-10_imageloading" */;
			buildPhases = (
				8B55EC2A29B6F84400CA355F /* Sources */,
				8B55EC2B29B6F84400CA355F /* Frameworks */,
				8B55EC2C29B6F84400CA355F /* Resources */,
			);
			buildRules = (
			);
			dependencies = (
			);
			name = "chapter-10_imageloading";
			productName = "chapter-10_iconlaoding";
			productReference = 8B55EC2E29B6F84400CA355F /* chapter-10_imageloading.app */;
			productType = "com.apple.product-type.application";
		};
/* End PBXNativeTarget section */

/* Begin PBXProject section */
		8B55EC2629B6F84400CA355F /* Project object */ = {
			isa = PBXProject;
			attributes = {
				BuildIndependentTargetsInParallel = 1;
				LastSwiftUpdateCheck = 1420;
				LastUpgradeCheck = 1420;
				TargetAttributes = {
					8B55EC2D29B6F84400CA355F = {
						CreatedOnToolsVersion = 14.2;
					};
				};
			};
			buildConfigurationList = 8B55EC2929B6F84400CA355F /* Build configuration list for PBXProject "chapter-10_imageloading" */;
			compatibilityVersion = "Xcode 14.0";
			developmentRegion = en;
			hasScannedForEncodings = 0;
			knownRegions = (
				en,
				Base,
			);
			mainGroup = 8B55EC2529B6F84400CA355F;
			productRefGroup = 8B55EC2F29B6F84400CA355F /* Products */;
			projectDirPath = "";
			projectRoot = "";
			targets = (
				8B55EC2D29B6F84400CA355F /* chapter-10_imageloading */,
			);
		};
/* End PBXProject section */

/* Begin PBXResourcesBuildPhase section */
		8B55EC2C29B6F84400CA355F /* Resources */ = {
			isa = PBXResourcesBuildPhase;
			buildActionMask = 2147483647;
			files = (
				8B55EC3929B6F84600CA355F /* Preview Assets.xcassets in Resources */,
				8B55EC3629B6F84600CA355F /* Assets.xcassets in Resources */,
			);
			runOnlyForDeploymentPostprocessing = 0;
		};
/* End PBXResourcesBuildPhase section */

/* Begin PBXSourcesBuildPhase section */
		8B55EC2A29B6F84400CA355F /* Sources */ = {
			isa = PBXSourcesBuildPhase;
			buildActionMask = 2147483647;
			files = (
				8B4E06EA29BAC6C600AA487B /* FileListItem.swift in Sources */,
				8B4E06EC29BAC6E400AA487B /* Downloads.swift in Sources */,
				8B4E06EE29BAC6FB00AA487B /* FilePreview.swift in Sources */,
				8B4E06F229BAC74B00AA487B /* DownloadView.swift in Sources */,
				8B4E06F029BAC71600AA487B /* FileDetails.swift in Sources */,
				8B4E06E729BAC68000AA487B /* Utility+extension.swift in Sources */,
				8B4E06E129BAC5DB00AA487B /* WolfMenView.swift in Sources */,
				8B4E06E529BAC64E00AA487B /* LoadAccumulator.swift in Sources */,
				8B4E06E329BAC5FF00AA487B /* WolfMenImagesModel.swift in Sources */,
				8B55EC3229B6F84400CA355F /* chapter-10_imageloadingApp.swift in Sources */,
			);
			runOnlyForDeploymentPostprocessing = 0;
		};
/* End PBXSourcesBuildPhase section */

/* Begin XCBuildConfiguration section */
		8B55EC3A29B6F84600CA355F /* Debug */ = {
			isa = XCBuildConfiguration;
			buildSettings = {
				ALWAYS_SEARCH_USER_PATHS = NO;
				CLANG_ANALYZER_NONNULL = YES;
				CLANG_ANALYZER_NUMBER_OBJECT_CONVERSION = YES_AGGRESSIVE;
				CLANG_CXX_LANGUAGE_STANDARD = "gnu++20";
				CLANG_ENABLE_MODULES = YES;
				CLANG_ENABLE_OBJC_ARC = YES;
				CLANG_ENABLE_OBJC_WEAK = YES;
				CLANG_WARN_BLOCK_CAPTURE_AUTORELEASING = YES;
				CLANG_WARN_BOOL_CONVERSION = YES;
				CLANG_WARN_COMMA = YES;
				CLANG_WARN_CONSTANT_CONVERSION = YES;
				CLANG_WARN_DEPRECATED_OBJC_IMPLEMENTATIONS = YES;
				CLANG_WARN_DIRECT_OBJC_ISA_USAGE = YES_ERROR;
				CLANG_WARN_DOCUMENTATION_COMMENTS = YES;
				CLANG_WARN_EMPTY_BODY = YES;
				CLANG_WARN_ENUM_CONVERSION = YES;
				CLANG_WARN_INFINITE_RECURSION = YES;
				CLANG_WARN_INT_CONVERSION = YES;
				CLANG_WARN_NON_LITERAL_NULL_CONVERSION = YES;
				CLANG_WARN_OBJC_IMPLICIT_RETAIN_SELF = YES;
				CLANG_WARN_OBJC_LITERAL_CONVERSION = YES;
				CLANG_WARN_OBJC_ROOT_CLASS = YES_ERROR;
				CLANG_WARN_QUOTED_INCLUDE_IN_FRAMEWORK_HEADER = YES;
				CLANG_WARN_RANGE_LOOP_ANALYSIS = YES;
				CLANG_WARN_STRICT_PROTOTYPES = YES;
				CLANG_WARN_SUSPICIOUS_MOVE = YES;
				CLANG_WARN_UNGUARDED_AVAILABILITY = YES_AGGRESSIVE;
				CLANG_WARN_UNREACHABLE_CODE = YES;
				CLANG_WARN__DUPLICATE_METHOD_MATCH = YES;
				COPY_PHASE_STRIP = NO;
				DEBUG_INFORMATION_FORMAT = dwarf;
				ENABLE_STRICT_OBJC_MSGSEND = YES;
				ENABLE_TESTABILITY = YES;
				GCC_C_LANGUAGE_STANDARD = gnu11;
				GCC_DYNAMIC_NO_PIC = NO;
				GCC_NO_COMMON_BLOCKS = YES;
				GCC_OPTIMIZATION_LEVEL = 0;
				GCC_PREPROCESSOR_DEFINITIONS = (
					"DEBUG=1",
					"$(inherited)",
				);
				GCC_WARN_64_TO_32_BIT_CONVERSION = YES;
				GCC_WARN_ABOUT_RETURN_TYPE = YES_ERROR;
				GCC_WARN_UNDECLARED_SELECTOR = YES;
				GCC_WARN_UNINITIALIZED_AUTOS = YES_AGGRESSIVE;
				GCC_WARN_UNUSED_FUNCTION = YES;
				GCC_WARN_UNUSED_VARIABLE = YES;
				IPHONEOS_DEPLOYMENT_TARGET = 16.2;
				MTL_ENABLE_DEBUG_INFO = INCLUDE_SOURCE;
				MTL_FAST_MATH = YES;
				ONLY_ACTIVE_ARCH = YES;
				SDKROOT = iphoneos;
				SWIFT_ACTIVE_COMPILATION_CONDITIONS = DEBUG;
				SWIFT_OPTIMIZATION_LEVEL = "-Onone";
			};
			name = Debug;
		};
		8B55EC3B29B6F84600CA355F /* Release */ = {
			isa = XCBuildConfiguration;
			buildSettings = {
				ALWAYS_SEARCH_USER_PATHS = NO;
				CLANG_ANALYZER_NONNULL = YES;
				CLANG_ANALYZER_NUMBER_OBJECT_CONVERSION = YES_AGGRESSIVE;
				CLANG_CXX_LANGUAGE_STANDARD = "gnu++20";
				CLANG_ENABLE_MODULES = YES;
				CLANG_ENABLE_OBJC_ARC = YES;
				CLANG_ENABLE_OBJC_WEAK = YES;
				CLANG_WARN_BLOCK_CAPTURE_AUTORELEASING = YES;
				CLANG_WARN_BOOL_CONVERSION = YES;
				CLANG_WARN_COMMA = YES;
				CLANG_WARN_CONSTANT_CONVERSION = YES;
				CLANG_WARN_DEPRECATED_OBJC_IMPLEMENTATIONS = YES;
				CLANG_WARN_DIRECT_OBJC_ISA_USAGE = YES_ERROR;
				CLANG_WARN_DOCUMENTATION_COMMENTS = YES;
				CLANG_WARN_EMPTY_BODY = YES;
				CLANG_WARN_ENUM_CONVERSION = YES;
				CLANG_WARN_INFINITE_RECURSION = YES;
				CLANG_WARN_INT_CONVERSION = YES;
				CLANG_WARN_NON_LITERAL_NULL_CONVERSION = YES;
				CLANG_WARN_OBJC_IMPLICIT_RETAIN_SELF = YES;
				CLANG_WARN_OBJC_LITERAL_CONVERSION = YES;
				CLANG_WARN_OBJC_ROOT_CLASS = YES_ERROR;
				CLANG_WARN_QUOTED_INCLUDE_IN_FRAMEWORK_HEADER = YES;
				CLANG_WARN_RANGE_LOOP_ANALYSIS = YES;
				CLANG_WARN_STRICT_PROTOTYPES = YES;
				CLANG_WARN_SUSPICIOUS_MOVE = YES;
				CLANG_WARN_UNGUARDED_AVAILABILITY = YES_AGGRESSIVE;
				CLANG_WARN_UNREACHABLE_CODE = YES;
				CLANG_WARN__DUPLICATE_METHOD_MATCH = YES;
				COPY_PHASE_STRIP = NO;
				DEBUG_INFORMATION_FORMAT = "dwarf-with-dsym";
				ENABLE_NS_ASSERTIONS = NO;
				ENABLE_STRICT_OBJC_MSGSEND = YES;
				GCC_C_LANGUAGE_STANDARD = gnu11;
				GCC_NO_COMMON_BLOCKS = YES;
				GCC_WARN_64_TO_32_BIT_CONVERSION = YES;
				GCC_WARN_ABOUT_RETURN_TYPE = YES_ERROR;
				GCC_WARN_UNDECLARED_SELECTOR = YES;
				GCC_WARN_UNINITIALIZED_AUTOS = YES_AGGRESSIVE;
				GCC_WARN_UNUSED_FUNCTION = YES;
				GCC_WARN_UNUSED_VARIABLE = YES;
				IPHONEOS_DEPLOYMENT_TARGET = 16.2;
				MTL_ENABLE_DEBUG_INFO = NO;
				MTL_FAST_MATH = YES;
				SDKROOT = iphoneos;
				SWIFT_COMPILATION_MODE = wholemodule;
				SWIFT_OPTIMIZATION_LEVEL = "-O";
				VALIDATE_PRODUCT = YES;
			};
			name = Release;
		};
		8B55EC3D29B6F84600CA355F /* Debug */ = {
			isa = XCBuildConfiguration;
			buildSettings = {
				ASSETCATALOG_COMPILER_APPICON_NAME = AppIcon;
				ASSETCATALOG_COMPILER_GLOBAL_ACCENT_COLOR_NAME = AccentColor;
				CODE_SIGN_STYLE = Automatic;
				CURRENT_PROJECT_VERSION = 1;
				DEVELOPMENT_ASSET_PATHS = "\"chapter-10_imageloading/Preview Content\"";
				ENABLE_PREVIEWS = YES;
				GENERATE_INFOPLIST_FILE = YES;
				INFOPLIST_KEY_UIApplicationSceneManifest_Generation = YES;
				INFOPLIST_KEY_UIApplicationSupportsIndirectInputEvents = YES;
				INFOPLIST_KEY_UILaunchScreen_Generation = YES;
				INFOPLIST_KEY_UISupportedInterfaceOrientations_iPad = "UIInterfaceOrientationPortrait UIInterfaceOrientationPortraitUpsideDown UIInterfaceOrientationLandscapeLeft UIInterfaceOrientationLandscapeRight";
				INFOPLIST_KEY_UISupportedInterfaceOrientations_iPhone = "UIInterfaceOrientationPortrait UIInterfaceOrientationLandscapeLeft UIInterfaceOrientationLandscapeRight";
				LD_RUNPATH_SEARCH_PATHS = (
					"$(inherited)",
					"@executable_path/Frameworks",
				);
				MARKETING_VERSION = 1.0;
				PRODUCT_BUNDLE_IDENTIFIER = "swift.fytx.com.chapter-10-imageloading";
				PRODUCT_NAME = "$(TARGET_NAME)";
				SWIFT_EMIT_LOC_STRINGS = YES;
				SWIFT_VERSION = 5.0;
				TARGETED_DEVICE_FAMILY = "1,2";
			};
			name = Debug;
		};
		8B55EC3E29B6F84600CA355F /* Release */ = {
			isa = XCBuildConfiguration;
			buildSettings = {
				ASSETCATALOG_COMPILER_APPICON_NAME = AppIcon;
				ASSETCATALOG_COMPILER_GLOBAL_ACCENT_COLOR_NAME = AccentColor;
				CODE_SIGN_STYLE = Automatic;
				CURRENT_PROJECT_VERSION = 1;
				DEVELOPMENT_ASSET_PATHS = "\"chapter-10_imageloading/Preview Content\"";
				ENABLE_PREVIEWS = YES;
				GENERATE_INFOPLIST_FILE = YES;
				INFOPLIST_KEY_UIApplicationSceneManifest_Generation = YES;
				INFOPLIST_KEY_UIApplicationSupportsIndirectInputEvents = YES;
				INFOPLIST_KEY_UILaunchScreen_Generation = YES;
				INFOPLIST_KEY_UISupportedInterfaceOrientations_iPad = "UIInterfaceOrientationPortrait UIInterfaceOrientationPortraitUpsideDown UIInterfaceOrientationLandscapeLeft UIInterfaceOrientationLandscapeRight";
				INFOPLIST_KEY_UISupportedInterfaceOrientations_iPhone = "UIInterfaceOrientationPortrait UIInterfaceOrientationLandscapeLeft UIInterfaceOrientationLandscapeRight";
				LD_RUNPATH_SEARCH_PATHS = (
					"$(inherited)",
					"@executable_path/Frameworks",
				);
				MARKETING_VERSION = 1.0;
				PRODUCT_BUNDLE_IDENTIFIER = "swift.fytx.com.chapter-10-imageloading";
				PRODUCT_NAME = "$(TARGET_NAME)";
				SWIFT_EMIT_LOC_STRINGS = YES;
				SWIFT_VERSION = 5.0;
				TARGETED_DEVICE_FAMILY = "1,2";
			};
			name = Release;
		};
/* End XCBuildConfiguration section */

/* Begin XCConfigurationList section */
		8B55EC2929B6F84400CA355F /* Build configuration list for PBXProject "chapter-10_imageloading" */ = {
			isa = XCConfigurationList;
			buildConfigurations = (
				8B55EC3A29B6F84600CA355F /* Debug */,
				8B55EC3B29B6F84600CA355F /* Release */,
			);
			defaultConfigurationIsVisible = 0;
			defaultConfigurationName = Release;
		};
		8B55EC3C29B6F84600CA355F /* Build configuration list for PBXNativeTarget "chapter-10_imageloading" */ = {
			isa = XCConfigurationList;
			buildConfigurations = (
				8B55EC3D29B6F84600CA355F /* Debug */,
				8B55EC3E29B6F84600CA355F /* Release */,
			);
			defaultConfigurationIsVisible = 0;
			defaultConfigurationName = Release;
		};
/* End XCConfigurationList section */
	};
	rootObject = 8B55EC2629B6F84400CA355F /* Project object */;
}
